
Microsoft Visual Studio Solution File, Format Version 12.00
# Visual Studio Version 17
VisualStudioVersion = 17.10.35013.160
MinimumVisualStudioVersion = 10.0.40219.1
Project("{9A19103F-16F7-4668-BE54-9A1E7A4F7556}") = "UnitTestExample", "UnitTestExample.csproj", "{8EEB6323-14F0-48EA-A343-38292FCF8E13}"
EndProject
Project("{9A19103F-16F7-4668-BE54-9A1E7A4F7556}") = "EMTests", "..\EMTests\EMTests.csproj", "{12F01CF6-25AE-4FE2-9504-663ACC566A27}"
EndProject
Project("{9A19103F-16F7-4668-BE54-9A1E7A4F7556}") = "BlazorClient", "..\BlazorClient\BlazorClient.csproj", "{FFBF8B47-166D-49EA-B8D1-A0959BCE7257}"
EndProject
Global
	GlobalSection(SolutionConfigurationPlatforms) = preSolution
		Debug|Any CPU = Debug|Any CPU
		Release|Any CPU = Release|Any CPU
	EndGlobalSection
	GlobalSection(ProjectConfigurationPlatforms) = postSolution
		{8EEB6323-14F0-48EA-A343-38292FCF8E13}.Debug|Any CPU.ActiveCfg = Debug|Any CPU
		{8EEB6323-14F0-48EA-A343-38292FCF8E13}.Debug|Any CPU.Build.0 = Debug|Any CPU
		{8EEB6323-14F0-48EA-A343-38292FCF8E13}.Release|Any CPU.ActiveCfg = Release|Any CPU
		{8EEB6323-14F0-48EA-A343-38292FCF8E13}.Release|Any CPU.Build.0 = Release|Any CPU
		{12F01CF6-25AE-4FE2-9504-663ACC566A27}.Debug|Any CPU.ActiveCfg = Debug|Any CPU
		{12F01CF6-25AE-4FE2-9504-663ACC566A27}.Debug|Any CPU.Build.0 = Debug|Any CPU
		{12F01CF6-25AE-4FE2-9504-663ACC566A27}.Release|Any CPU.ActiveCfg = Release|Any CPU
		{12F01CF6-25AE-4FE2-9504-663ACC566A27}.Release|Any CPU.Build.0 = Release|Any CPU
		{FFBF8B47-166D-49EA-B8D1-A0959BCE7257}.Debug|Any CPU.ActiveCfg = Debug|Any CPU
		{FFBF8B47-166D-49EA-B8D1-A0959BCE7257}.Debug|Any CPU.Build.0 = Debug|Any CPU
		{FFBF8B47-166D-49EA-B8D1-A0959BCE7257}.Release|Any CPU.ActiveCfg = Release|Any CPU
		{FFBF8B47-166D-49EA-B8D1-A0959BCE7257}.Release|Any CPU.Build.0 = Release|Any CPU
	EndGlobalSection
	GlobalSection(SolutionProperties) = preSolution
		HideSolutionNode = FALSE
	EndGlobalSection
	GlobalSection(ExtensibilityGlobals) = postSolution
		SolutionGuid = {C37F343A-D730-4F85-9132-041CCA7316D6}
	EndGlobalSection
EndGlobal
